
Microsoft Visual Studio Solution File, Format Version 12.00
# Visual Studio Version 16
VisualStudioVersion = 25.0.1706.7
MinimumVisualStudioVersion = 10.0.40219.1
Project("{FAE04EC0-301F-11D3-BF4B-00C04F79EFBC}") = "GEVS-Backend", "GEVS-Backend\GEVS-Backend.csproj", "{407AB0E1-30D3-4729-9A46-628E2C02B9CF}"
EndProject
Global
	GlobalSection(SolutionConfigurationPlatforms) = preSolution
		Debug|Any CPU = Debug|Any CPU
		Release|Any CPU = Release|Any CPU
	EndGlobalSection
	GlobalSection(ProjectConfigurationPlatforms) = postSolution
		{407AB0E1-30D3-4729-9A46-628E2C02B9CF}.Debug|Any CPU.ActiveCfg = Debug|Any CPU
		{407AB0E1-30D3-4729-9A46-628E2C02B9CF}.Debug|Any CPU.Build.0 = Debug|Any CPU
		{407AB0E1-30D3-4729-9A46-628E2C02B9CF}.Release|Any CPU.ActiveCfg = Release|Any CPU
		{407AB0E1-30D3-4729-9A46-628E2C02B9CF}.Release|Any CPU.Build.0 = Release|Any CPU
	EndGlobalSection
	GlobalSection(SolutionProperties) = preSolution
		HideSolutionNode = FALSE
	EndGlobalSection
	GlobalSection(ExtensibilityGlobals) = postSolution
		SolutionGuid = {288D7F5B-A7C7-47D2-8A31-11F80B107B0D}
	EndGlobalSection
EndGlobal
